// !$*UTF8*$!
{
	archiveVersion = 1;
	classes = {
	};
	objectVersion = 50;
	objects = {

/* Begin PBXBuildFile section */
		DCA391832518C3A2009AEF72 /* AppDelegate.swift in Sources */ = {isa = PBXBuildFile; fileRef = DCA391822518C3A2009AEF72 /* AppDelegate.swift */; };
		DCA391852518C3A2009AEF72 /* ViewController.swift in Sources */ = {isa = PBXBuildFile; fileRef = DCA391842518C3A2009AEF72 /* ViewController.swift */; };
		DCA391882518C3A2009AEF72 /* Main.storyboard in Resources */ = {isa = PBXBuildFile; fileRef = DCA391862518C3A2009AEF72 /* Main.storyboard */; };
		DCA3918A2518C3AE009AEF72 /* Assets.xcassets in Resources */ = {isa = PBXBuildFile; fileRef = DCA391892518C3AE009AEF72 /* Assets.xcassets */; };
		DCA3918D2518C3AE009AEF72 /* LaunchScreen.storyboard in Resources */ = {isa = PBXBuildFile; fileRef = DCA3918B2518C3AE009AEF72 /* LaunchScreen.storyboard */; };
		DCA391952518CC6E009AEF72 /* honda-civic-exl-2020.jpg in Resources */ = {isa = PBXBuildFile; fileRef = DCA391942518CC6E009AEF72 /* honda-civic-exl-2020.jpg */; };
		DCA391972518CCAA009AEF72 /* pngtree-vector-car-icon-png-image_515736.jpg in Resources */ = {isa = PBXBuildFile; fileRef = DCA391962518CCAA009AEF72 /* pngtree-vector-car-icon-png-image_515736.jpg */; };
		DCC78235251A5C5100B9EF5B /* Car-2-icon.png in Resources */ = {isa = PBXBuildFile; fileRef = DCC78234251A5C5100B9EF5B /* Car-2-icon.png */; };
		DCC78237251A6CC500B9EF5B /* honda-civic-exl-2020.jpg in Resources */ = {isa = PBXBuildFile; fileRef = DCC78236251A6CC500B9EF5B /* honda-civic-exl-2020.jpg */; };
		DCC78239251A6CCF00B9EF5B /* renegade_night_eagle_cortado_3.jpg in Resources */ = {isa = PBXBuildFile; fileRef = DCC78238251A6CCF00B9EF5B /* renegade_night_eagle_cortado_3.jpg */; };
		DCC7823B251A6CDB00B9EF5B /* 205_15.png in Resources */ = {isa = PBXBuildFile; fileRef = DCC7823A251A6CDB00B9EF5B /* 205_15.png */; };
		DCC7823D251A6CE100B9EF5B /* 042012014412514.jpg in Resources */ = {isa = PBXBuildFile; fileRef = DCC7823C251A6CE100B9EF5B /* 042012014412514.jpg */; };
		DCC7823F251A6EC200B9EF5B /* 271087806055036.jpg in Resources */ = {isa = PBXBuildFile; fileRef = DCC7823E251A6EC200B9EF5B /* 271087806055036.jpg */; };
		DCC78241251A6EED00B9EF5B /* fiat-uno-mille-2002-preto-203899-0.jpg in Resources */ = {isa = PBXBuildFile; fileRef = DCC78240251A6EED00B9EF5B /* fiat-uno-mille-2002-preto-203899-0.jpg */; };
/* End PBXBuildFile section */

/* Begin PBXFileReference section */
		DCA3917F2518C3A2009AEF72 /* Heitor_GabrielGonzalez.app */ = {isa = PBXFileReference; explicitFileType = wrapper.application; includeInIndex = 0; path = Heitor_GabrielGonzalez.app; sourceTree = BUILT_PRODUCTS_DIR; };
		DCA391822518C3A2009AEF72 /* AppDelegate.swift */ = {isa = PBXFileReference; lastKnownFileType = sourcecode.swift; path = AppDelegate.swift; sourceTree = "<group>"; };
		DCA391842518C3A2009AEF72 /* ViewController.swift */ = {isa = PBXFileReference; lastKnownFileType = sourcecode.swift; path = ViewController.swift; sourceTree = "<group>"; };
		DCA391872518C3A2009AEF72 /* Base */ = {isa = PBXFileReference; lastKnownFileType = file.storyboard; name = Base; path = Base.lproj/Main.storyboard; sourceTree = "<group>"; };
		DCA391892518C3AE009AEF72 /* Assets.xcassets */ = {isa = PBXFileReference; lastKnownFileType = folder.assetcatalog; path = Assets.xcassets; sourceTree = "<group>"; };
		DCA3918C2518C3AE009AEF72 /* Base */ = {isa = PBXFileReference; lastKnownFileType = file.storyboard; name = Base; path = Base.lproj/LaunchScreen.storyboard; sourceTree = "<group>"; };
		DCA3918E2518C3AE009AEF72 /* Info.plist */ = {isa = PBXFileReference; lastKnownFileType = text.plist.xml; path = Info.plist; sourceTree = "<group>"; };
		DCA391942518CC6E009AEF72 /* honda-civic-exl-2020.jpg */ = {isa = PBXFileReference; lastKnownFileType = image.jpeg; path = "honda-civic-exl-2020.jpg"; sourceTree = "<group>"; };
		DCA391962518CCAA009AEF72 /* pngtree-vector-car-icon-png-image_515736.jpg */ = {isa = PBXFileReference; lastKnownFileType = image.jpeg; path = "pngtree-vector-car-icon-png-image_515736.jpg"; sourceTree = "<group>"; };
		DCC78234251A5C5100B9EF5B /* Car-2-icon.png */ = {isa = PBXFileReference; lastKnownFileType = image.png; path = "Car-2-icon.png"; sourceTree = "<group>"; };
		DCC78236251A6CC500B9EF5B /* honda-civic-exl-2020.jpg */ = {isa = PBXFileReference; lastKnownFileType = image.jpeg; name = "honda-civic-exl-2020.jpg"; path = "../../../honda-civic-exl-2020.jpg"; sourceTree = "<group>"; };
		DCC78238251A6CCF00B9EF5B /* renegade_night_eagle_cortado_3.jpg */ = {isa = PBXFileReference; lastKnownFileType = image.jpeg; path = renegade_night_eagle_cortado_3.jpg; sourceTree = "<group>"; };
		DCC7823A251A6CDB00B9EF5B /* 205_15.png */ = {isa = PBXFileReference; lastKnownFileType = image.png; path = 205_15.png; sourceTree = "<group>"; };
		DCC7823C251A6CE100B9EF5B /* 042012014412514.jpg */ = {isa = PBXFileReference; lastKnownFileType = image.jpeg; path = 042012014412514.jpg; sourceTree = "<group>"; };
		DCC7823E251A6EC200B9EF5B /* 271087806055036.jpg */ = {isa = PBXFileReference; lastKnownFileType = image.jpeg; path = 271087806055036.jpg; sourceTree = "<group>"; };
		DCC78240251A6EED00B9EF5B /* fiat-uno-mille-2002-preto-203899-0.jpg */ = {isa = PBXFileReference; lastKnownFileType = image.jpeg; path = "fiat-uno-mille-2002-preto-203899-0.jpg"; sourceTree = "<group>"; };
/* End PBXFileReference section */

/* Begin PBXFrameworksBuildPhase section */
		DCA3917C2518C3A1009AEF72 /* Frameworks */ = {
			isa = PBXFrameworksBuildPhase;
			buildActionMask = 2147483647;
			files = (
			);
			runOnlyForDeploymentPostprocessing = 0;
		};
/* End PBXFrameworksBuildPhase section */

/* Begin PBXGroup section */
		DCA391762518C3A1009AEF72 = {
			isa = PBXGroup;
			children = (
				DCA391812518C3A2009AEF72 /* Heitor_GabrielGonzalez */,
				DCA391802518C3A2009AEF72 /* Products */,
			);
			sourceTree = "<group>";
		};
		DCA391802518C3A2009AEF72 /* Products */ = {
			isa = PBXGroup;
			children = (
				DCA3917F2518C3A2009AEF72 /* Heitor_GabrielGonzalez.app */,
			);
			name = Products;
			sourceTree = "<group>";
		};
		DCA391812518C3A2009AEF72 /* Heitor_GabrielGonzalez */ = {
			isa = PBXGroup;
			children = (
				DCA391822518C3A2009AEF72 /* AppDelegate.swift */,
				DCA391962518CCAA009AEF72 /* pngtree-vector-car-icon-png-image_515736.jpg */,
				DCA391842518C3A2009AEF72 /* ViewController.swift */,
				DCA391862518C3A2009AEF72 /* Main.storyboard */,
				DCA391892518C3AE009AEF72 /* Assets.xcassets */,
				DCA3918B2518C3AE009AEF72 /* LaunchScreen.storyboard */,
				DCA391942518CC6E009AEF72 /* honda-civic-exl-2020.jpg */,
				DCC78238251A6CCF00B9EF5B /* renegade_night_eagle_cortado_3.jpg */,
				DCC7823E251A6EC200B9EF5B /* 271087806055036.jpg */,
				DCC7823A251A6CDB00B9EF5B /* 205_15.png */,
				DCC78234251A5C5100B9EF5B /* Car-2-icon.png */,
				DCC78240251A6EED00B9EF5B /* fiat-uno-mille-2002-preto-203899-0.jpg */,
				DCC7823C251A6CE100B9EF5B /* 042012014412514.jpg */,
				DCA3918E2518C3AE009AEF72 /* Info.plist */,
				DCC78236251A6CC500B9EF5B /* honda-civic-exl-2020.jpg */,
			);
			path = Heitor_GabrielGonzalez;
			sourceTree = "<group>";
		};
/* End PBXGroup section */

/* Begin PBXNativeTarget section */
		DCA3917E2518C3A1009AEF72 /* Heitor_GabrielGonzalez */ = {
			isa = PBXNativeTarget;
			buildConfigurationList = DCA391912518C3AE009AEF72 /* Build configuration list for PBXNativeTarget "Heitor_GabrielGonzalez" */;
			buildPhases = (
				DCA3917B2518C3A1009AEF72 /* Sources */,
				DCA3917C2518C3A1009AEF72 /* Frameworks */,
				DCA3917D2518C3A1009AEF72 /* Resources */,
			);
			buildRules = (
			);
			dependencies = (
			);
			name = Heitor_GabrielGonzalez;
			productName = Heitor_GabrielGonzalez;
			productReference = DCA3917F2518C3A2009AEF72 /* Heitor_GabrielGonzalez.app */;
			productType = "com.apple.product-type.application";
		};
/* End PBXNativeTarget section */

/* Begin PBXProject section */
		DCA391772518C3A1009AEF72 /* Project object */ = {
			isa = PBXProject;
			attributes = {
				LastSwiftUpdateCheck = 1020;
				LastUpgradeCheck = 1020;
				ORGANIZATIONNAME = Cotemig;
				TargetAttributes = {
					DCA3917E2518C3A1009AEF72 = {
						CreatedOnToolsVersion = 10.2.1;
					};
				};
			};
			buildConfigurationList = DCA3917A2518C3A1009AEF72 /* Build configuration list for PBXProject "Heitor_GabrielGonzalez" */;
			compatibilityVersion = "Xcode 9.3";
			developmentRegion = en;
			hasScannedForEncodings = 0;
			knownRegions = (
				en,
				Base,
			);
			mainGroup = DCA391762518C3A1009AEF72;
			productRefGroup = DCA391802518C3A2009AEF72 /* Products */;
			projectDirPath = "";
			projectRoot = "";
			targets = (
				DCA3917E2518C3A1009AEF72 /* Heitor_GabrielGonzalez */,
			);
		};
/* End PBXProject section */

/* Begin PBXResourcesBuildPhase section */
		DCA3917D2518C3A1009AEF72 /* Resources */ = {
			isa = PBXResourcesBuildPhase;
			buildActionMask = 2147483647;
			files = (
				DCC78237251A6CC500B9EF5B /* honda-civic-exl-2020.jpg in Resources */,
				DCC7823F251A6EC200B9EF5B /* 271087806055036.jpg in Resources */,
				DCC78235251A5C5100B9EF5B /* Car-2-icon.png in Resources */,
				DCA391972518CCAA009AEF72 /* pngtree-vector-car-icon-png-image_515736.jpg in Resources */,
				DCC78239251A6CCF00B9EF5B /* renegade_night_eagle_cortado_3.jpg in Resources */,
				DCC78241251A6EED00B9EF5B /* fiat-uno-mille-2002-preto-203899-0.jpg in Resources */,
				DCA3918D2518C3AE009AEF72 /* LaunchScreen.storyboard in Resources */,
				DCA3918A2518C3AE009AEF72 /* Assets.xcassets in Resources */,
				DCA391882518C3A2009AEF72 /* Main.storyboard in Resources */,
				DCA391952518CC6E009AEF72 /* honda-civic-exl-2020.jpg in Resources */,
				DCC7823B251A6CDB00B9EF5B /* 205_15.png in Resources */,
				DCC7823D251A6CE100B9EF5B /* 042012014412514.jpg in Resources */,
			);
			runOnlyForDeploymentPostprocessing = 0;
		};
/* End PBXResourcesBuildPhase section */

/* Begin PBXSourcesBuildPhase section */
		DCA3917B2518C3A1009AEF72 /* Sources */ = {
			isa = PBXSourcesBuildPhase;
			buildActionMask = 2147483647;
			files = (
				DCA391852518C3A2009AEF72 /* ViewController.swift in Sources */,
				DCA391832518C3A2009AEF72 /* AppDelegate.swift in Sources */,
			);
			runOnlyForDeploymentPostprocessing = 0;
		};
/* End PBXSourcesBuildPhase section */

/* Begin PBXVariantGroup section */
		DCA391862518C3A2009AEF72 /* Main.storyboard */ = {
			isa = PBXVariantGroup;
			children = (
				DCA391872518C3A2009AEF72 /* Base */,
			);
			name = Main.storyboard;
			sourceTree = "<group>";
		};
		DCA3918B2518C3AE009AEF72 /* LaunchScreen.storyboard */ = {
			isa = PBXVariantGroup;
			children = (
				DCA3918C2518C3AE009AEF72 /* Base */,
			);
			name = LaunchScreen.storyboard;
			sourceTree = "<group>";
		};
/* End PBXVariantGroup section */

/* Begin XCBuildConfiguration section */
		DCA3918F2518C3AE009AEF72 /* Debug */ = {
			isa = XCBuildConfiguration;
			buildSettings = {
				ALWAYS_SEARCH_USER_PATHS = NO;
				CLANG_ANALYZER_NONNULL = YES;
				CLANG_ANALYZER_NUMBER_OBJECT_CONVERSION = YES_AGGRESSIVE;
				CLANG_CXX_LANGUAGE_STANDARD = "gnu++14";
				CLANG_CXX_LIBRARY = "libc++";
				CLANG_ENABLE_MODULES = YES;
				CLANG_ENABLE_OBJC_ARC = YES;
				CLANG_ENABLE_OBJC_WEAK = YES;
				CLANG_WARN_BLOCK_CAPTURE_AUTORELEASING = YES;
				CLANG_WARN_BOOL_CONVERSION = YES;
				CLANG_WARN_COMMA = YES;
				CLANG_WARN_CONSTANT_CONVERSION = YES;
				CLANG_WARN_DEPRECATED_OBJC_IMPLEMENTATIONS = YES;
				CLANG_WARN_DIRECT_OBJC_ISA_USAGE = YES_ERROR;
				CLANG_WARN_DOCUMENTATION_COMMENTS = YES;
				CLANG_WARN_EMPTY_BODY = YES;
				CLANG_WARN_ENUM_CONVERSION = YES;
				CLANG_WARN_INFINITE_RECURSION = YES;
				CLANG_WARN_INT_CONVERSION = YES;
				CLANG_WARN_NON_LITERAL_NULL_CONVERSION = YES;
				CLANG_WARN_OBJC_IMPLICIT_RETAIN_SELF = YES;
				CLANG_WARN_OBJC_LITERAL_CONVERSION = YES;
				CLANG_WARN_OBJC_ROOT_CLASS = YES_ERROR;
				CLANG_WARN_RANGE_LOOP_ANALYSIS = YES;
				CLANG_WARN_STRICT_PROTOTYPES = YES;
				CLANG_WARN_SUSPICIOUS_MOVE = YES;
				CLANG_WARN_UNGUARDED_AVAILABILITY = YES_AGGRESSIVE;
				CLANG_WARN_UNREACHABLE_CODE = YES;
				CLANG_WARN__DUPLICATE_METHOD_MATCH = YES;
				CODE_SIGN_IDENTITY = "iPhone Developer";
				COPY_PHASE_STRIP = NO;
				DEBUG_INFORMATION_FORMAT = dwarf;
				ENABLE_STRICT_OBJC_MSGSEND = YES;
				ENABLE_TESTABILITY = YES;
				GCC_C_LANGUAGE_STANDARD = gnu11;
				GCC_DYNAMIC_NO_PIC = NO;
				GCC_NO_COMMON_BLOCKS = YES;
				GCC_OPTIMIZATION_LEVEL = 0;
				GCC_PREPROCESSOR_DEFINITIONS = (
					"DEBUG=1",
					"$(inherited)",
				);
				GCC_WARN_64_TO_32_BIT_CONVERSION = YES;
				GCC_WARN_ABOUT_RETURN_TYPE = YES_ERROR;
				GCC_WARN_UNDECLARED_SELECTOR = YES;
				GCC_WARN_UNINITIALIZED_AUTOS = YES_AGGRESSIVE;
				GCC_WARN_UNUSED_FUNCTION = YES;
				GCC_WARN_UNUSED_VARIABLE = YES;
				IPHONEOS_DEPLOYMENT_TARGET = 12.2;
				MTL_ENABLE_DEBUG_INFO = INCLUDE_SOURCE;
				MTL_FAST_MATH = YES;
				ONLY_ACTIVE_ARCH = YES;
				SDKROOT = iphoneos;
				SWIFT_ACTIVE_COMPILATION_CONDITIONS = DEBUG;
				SWIFT_OPTIMIZATION_LEVEL = "-Onone";
			};
			name = Debug;
		};
		DCA391902518C3AE009AEF72 /* Release */ = {
			isa = XCBuildConfiguration;
			buildSettings = {
				ALWAYS_SEARCH_USER_PATHS = NO;
				CLANG_ANALYZER_NONNULL = YES;
				CLANG_ANALYZER_NUMBER_OBJECT_CONVERSION = YES_AGGRESSIVE;
				CLANG_CXX_LANGUAGE_STANDARD = "gnu++14";
				CLANG_CXX_LIBRARY = "libc++";
				CLANG_ENABLE_MODULES = YES;
				CLANG_ENABLE_OBJC_ARC = YES;
				CLANG_ENABLE_OBJC_WEAK = YES;
				CLANG_WARN_BLOCK_CAPTURE_AUTORELEASING = YES;
				CLANG_WARN_BOOL_CONVERSION = YES;
				CLANG_WARN_COMMA = YES;
				CLANG_WARN_CONSTANT_CONVERSION = YES;
				CLANG_WARN_DEPRECATED_OBJC_IMPLEMENTATIONS = YES;
				CLANG_WARN_DIRECT_OBJC_ISA_USAGE = YES_ERROR;
				CLANG_WARN_DOCUMENTATION_COMMENTS = YES;
				CLANG_WARN_EMPTY_BODY = YES;
				CLANG_WARN_ENUM_CONVERSION = YES;
				CLANG_WARN_INFINITE_RECURSION = YES;
				CLANG_WARN_INT_CONVERSION = YES;
				CLANG_WARN_NON_LITERAL_NULL_CONVERSION = YES;
				CLANG_WARN_OBJC_IMPLICIT_RETAIN_SELF = YES;
				CLANG_WARN_OBJC_LITERAL_CONVERSION = YES;
				CLANG_WARN_OBJC_ROOT_CLASS = YES_ERROR;
				CLANG_WARN_RANGE_LOOP_ANALYSIS = YES;
				CLANG_WARN_STRICT_PROTOTYPES = YES;
				CLANG_WARN_SUSPICIOUS_MOVE = YES;
				CLANG_WARN_UNGUARDED_AVAILABILITY = YES_AGGRESSIVE;
				CLANG_WARN_UNREACHABLE_CODE = YES;
				CLANG_WARN__DUPLICATE_METHOD_MATCH = YES;
				CODE_SIGN_IDENTITY = "iPhone Developer";
				COPY_PHASE_STRIP = NO;
				DEBUG_INFORMATION_FORMAT = "dwarf-with-dsym";
				ENABLE_NS_ASSERTIONS = NO;
				ENABLE_STRICT_OBJC_MSGSEND = YES;
				GCC_C_LANGUAGE_STANDARD = gnu11;
				GCC_NO_COMMON_BLOCKS = YES;
				GCC_WARN_64_TO_32_BIT_CONVERSION = YES;
				GCC_WARN_ABOUT_RETURN_TYPE = YES_ERROR;
				GCC_WARN_UNDECLARED_SELECTOR = YES;
				GCC_WARN_UNINITIALIZED_AUTOS = YES_AGGRESSIVE;
				GCC_WARN_UNUSED_FUNCTION = YES;
				GCC_WARN_UNUSED_VARIABLE = YES;
				IPHONEOS_DEPLOYMENT_TARGET = 12.2;
				MTL_ENABLE_DEBUG_INFO = NO;
				MTL_FAST_MATH = YES;
				SDKROOT = iphoneos;
				SWIFT_COMPILATION_MODE = wholemodule;
				SWIFT_OPTIMIZATION_LEVEL = "-O";
				VALIDATE_PRODUCT = YES;
			};
			name = Release;
		};
		DCA391922518C3AE009AEF72 /* Debug */ = {
			isa = XCBuildConfiguration;
			buildSettings = {
				ASSETCATALOG_COMPILER_APPICON_NAME = AppIcon;
				CODE_SIGN_STYLE = Automatic;
				INFOPLIST_FILE = Heitor_GabrielGonzalez/Info.plist;
				LD_RUNPATH_SEARCH_PATHS = (
					"$(inherited)",
					"@executable_path/Frameworks",
				);
				PRODUCT_BUNDLE_IDENTIFIER = "br.com.cotemig.Heitor-GabrielGonzalez";
				PRODUCT_NAME = "$(TARGET_NAME)";
				SWIFT_VERSION = 5.0;
				TARGETED_DEVICE_FAMILY = "1,2";
			};
			name = Debug;
		};
		DCA391932518C3AE009AEF72 /* Release */ = {
			isa = XCBuildConfiguration;
			buildSettings = {
				ASSETCATALOG_COMPILER_APPICON_NAME = AppIcon;
				CODE_SIGN_STYLE = Automatic;
				INFOPLIST_FILE = Heitor_GabrielGonzalez/Info.plist;
				LD_RUNPATH_SEARCH_PATHS = (
					"$(inherited)",
					"@executable_path/Frameworks",
				);
				PRODUCT_BUNDLE_IDENTIFIER = "br.com.cotemig.Heitor-GabrielGonzalez";
				PRODUCT_NAME = "$(TARGET_NAME)";
				SWIFT_VERSION = 5.0;
				TARGETED_DEVICE_FAMILY = "1,2";
			};
			name = Release;
		};
/* End XCBuildConfiguration section */

/* Begin XCConfigurationList section */
		DCA3917A2518C3A1009AEF72 /* Build configuration list for PBXProject "Heitor_GabrielGonzalez" */ = {
			isa = XCConfigurationList;
			buildConfigurations = (
				DCA3918F2518C3AE009AEF72 /* Debug */,
				DCA391902518C3AE009AEF72 /* Release */,
			);
			defaultConfigurationIsVisible = 0;
			defaultConfigurationName = Release;
		};
		DCA391912518C3AE009AEF72 /* Build configuration list for PBXNativeTarget "Heitor_GabrielGonzalez" */ = {
			isa = XCConfigurationList;
			buildConfigurations = (
				DCA391922518C3AE009AEF72 /* Debug */,
				DCA391932518C3AE009AEF72 /* Release */,
			);
			defaultConfigurationIsVisible = 0;
			defaultConfigurationName = Release;
		};
/* End XCConfigurationList section */
	};
	rootObject = DCA391772518C3A1009AEF72 /* Project object */;
}
